<?xml version="1.0" encoding="utf-8"?>
<Project ToolsVersion="4.0" xmlns="http://schemas.microsoft.com/developer/msbuild/2003">
  <ItemGroup>
    <Filter Include="src">
      <UniqueIdentifier>{4FC737F1-C7A5-4376-A066-2A32D752A2FF}</UniqueIdentifier>
      <Extensions>cpp;c;cc;cxx;def;odl;idl;hpj;bat;asm;asmx</Extensions>
    </Filter>
    <Filter Include="include">
      <UniqueIdentifier>{93995380-89BD-4b04-88EB-625FBE52EBFB}</UniqueIdentifier>
      <Extensions>h;hh;hpp;hxx;hm;inl;inc;xsd</Extensions>
    </Filter>
    <Filter Include="include\vulkan">
      <UniqueIdentifier>{aac747fb-ca01-42ea-80b6-30261eba33b0}</UniqueIdentifier>
    </Filter>
    <Filter Include="include\opengl">
      <UniqueIdentifier>{9c0110f7-ee18-4c27-9064-d5dc45bc21fb}</UniqueIdentifier>
    </Filter>
    <Filter Include="src\vulkan">
      <UniqueIdentifier>{aa51eef3-4097-41ea-bfe7-9adbe97f94c9}</UniqueIdentifier>
    </Filter>
    <Filter Include="src\opengl">
      <UniqueIdentifier>{80e86d3a-ed08-4f69-b4c6-181294e81c15}</UniqueIdentifier>
    </Filter>
  </ItemGroup>
  <ItemGroup>
    <ClInclude Include="vulkan_renderer.h">
      <Filter>include\vulkan</Filter>
    </ClInclude>
    <ClInclude Include="vulkan_vbo.h">
      <Filter>include\vulkan</Filter>
    </ClInclude>
    <ClInclude Include="ibo.h">
      <Filter>include</Filter>
    </ClInclude>
    <ClInclude Include="mesh.h">
      <Filter>include</Filter>
    </ClInclude>
    <ClInclude Include="vbo.h">
      <Filter>include</Filter>
    </ClInclude>
    <ClInclude Include="window.h">
      <Filter>include</Filter>
    </ClInclude>
    <ClInclude Include="types.h">
      <Filter>include</Filter>
    </ClInclude>
    <ClInclude Include="logger.h">
      <Filter>include</Filter>
    </ClInclude>
    <ClInclude Include="vulkan_window.h">
      <Filter>include\vulkan</Filter>
    </ClInclude>
    <ClInclude Include="application.h">
      <Filter>include</Filter>
    </ClInclude>
    <ClInclude Include="timer.h">
      <Filter>include</Filter>
    </ClInclude>
    <ClInclude Include="vulkan_device.h">
      <Filter>include\vulkan</Filter>
    </ClInclude>
    <ClInclude Include="vulkan_utilities.h">
      <Filter>include\vulkan</Filter>
    </ClInclude>
    <ClInclude Include="vulkan_instance.h">
      <Filter>include\vulkan</Filter>
    </ClInclude>
    <ClInclude Include="vulkan_debug.h">
      <Filter>include\vulkan</Filter>
    </ClInclude>
    <ClInclude Include="vulkan_application.h">
      <Filter>include\vulkan</Filter>
    </ClInclude>
    <ClInclude Include="vulkan_swapchain.h">
      <Filter>include\vulkan</Filter>
    </ClInclude>
    <ClInclude Include="vulkan_physical_device.h">
      <Filter>include\vulkan</Filter>
    </ClInclude>
    <ClInclude Include="vulkan_buffer.h">
      <Filter>include\vulkan</Filter>
    </ClInclude>
    <ClInclude Include="vulkan_depth_stencil.h">
      <Filter>include\vulkan</Filter>
    </ClInclude>
    <ClInclude Include="vulkan_semaphore.h">
      <Filter>include\vulkan</Filter>
    </ClInclude>
    <ClInclude Include="vulkan_command_pool.h">
      <Filter>include\vulkan</Filter>
    </ClInclude>
    <ClInclude Include="vulkan_render_pass.h">
      <Filter>include\vulkan</Filter>
    </ClInclude>
    <ClInclude Include="vulkan_pipeline_cache.h">
      <Filter>include\vulkan</Filter>
    </ClInclude>
  </ItemGroup>
  <ItemGroup>
    <ClCompile Include="vulkan_renderer.cpp">
      <Filter>src\vulkan</Filter>
    </ClCompile>
    <ClCompile Include="vulkan_vbo.cpp">
      <Filter>src\vulkan</Filter>
    </ClCompile>
    <ClCompile Include="window.cpp">
      <Filter>src</Filter>
    </ClCompile>
    <ClCompile Include="vulkan_window.cpp">
      <Filter>src\vulkan</Filter>
    </ClCompile>
    <ClCompile Include="application.cpp">
      <Filter>src</Filter>
    </ClCompile>
    <ClCompile Include="vulkan_device.cpp">
      <Filter>src\vulkan</Filter>
    </ClCompile>
    <ClCompile Include="vulkan_utilities.cpp">
      <Filter>src\vulkan</Filter>
    </ClCompile>
    <ClCompile Include="vulkan_instance.cpp">
      <Filter>src\vulkan</Filter>
    </ClCompile>
    <ClCompile Include="vulkan_debug.cpp">
      <Filter>src\vulkan</Filter>
    </ClCompile>
    <ClCompile Include="vulkan_application.cpp">
      <Filter>src\vulkan</Filter>
    </ClCompile>
    <ClCompile Include="vulkan_swapchain.cpp">
      <Filter>src\vulkan</Filter>
    </ClCompile>
    <ClCompile Include="vulkan_buffer.cpp">
      <Filter>src\vulkan</Filter>
    </ClCompile>
    <ClCompile Include="vulkan_physical_device.cpp">
      <Filter>src\vulkan</Filter>
    </ClCompile>
    <ClCompile Include="vulkan_depth_stencil.cpp">
      <Filter>src\vulkan</Filter>
    </ClCompile>
    <ClCompile Include="vulkan_semaphore.cpp">
      <Filter>src\vulkan</Filter>
    </ClCompile>
    <ClCompile Include="vulkan_command_pool.cpp">
      <Filter>src\vulkan</Filter>
    </ClCompile>
    <ClCompile Include="vulkan_render_pass.cpp">
      <Filter>src\vulkan</Filter>
    </ClCompile>
    <ClCompile Include="vulkan_pipeline_cache.cpp">
      <Filter>src\vulkan</Filter>
    </ClCompile>
  </ItemGroup>
</Project>